<Solution>
  <Folder Name="/misc/">
    <File Path="Directory.build.project.props" />
    <File Path="Directory.build.props" />
    <File Path="Directory.build.shared.explicit.props" />
    <File Path="Directory.build.shared.implicit.props" />
    <File Path="Directory.build.shared.mat.props" />
    <File Path="Directory.build.targets" />
    <File Path="GlobalSuppressions.cs" />
    <File Path="MethodTimeLogger.cs" />
    <File Path="Orc.LogViewer.sln.DotSettings" />
    <File Path="SolutionAssemblyInfo.cs" />
  </Folder>
  <Folder Name="/src/" />
  <Folder Name="/src/Core/">
    <Project Path="Orc.LogViewer/Orc.LogViewer.csproj" />
  </Folder>
  <Folder Name="/src/Examples/">
    <Project Path="Orc.LogViewer.Example/Orc.LogViewer.Example.csproj" />
  </Folder>
  <Folder Name="/src/Tests/">
    <Project Path="Orc.LogViewer.Tests/Orc.LogViewer.Tests.csproj" />
  </Folder>
</Solution>
