
Microsoft Visual Studio Solution File, Format Version 12.00
# Visual Studio 15
VisualStudioVersion = 15.0.26020.0
MinimumVisualStudioVersion = 10.0.40219.1
Project("{2150E333-8FDC-42A3-9474-1A3956D46DE8}") = "misc", "misc", "{197B99D4-F329-4377-A097-0B40424D8D05}"
	ProjectSection(SolutionItems) = preProject
		Directory.build.project.props = Directory.build.project.props
		Directory.build.props = Directory.build.props
		Directory.build.shared.explicit.props = Directory.build.shared.explicit.props
		Directory.build.shared.implicit.props = Directory.build.shared.implicit.props
		Directory.build.targets = Directory.build.targets
		GlobalSuppressions.cs = GlobalSuppressions.cs
		MethodTimeLogger.cs = MethodTimeLogger.cs
		Orc.LogViewer.sln.DotSettings = Orc.LogViewer.sln.DotSettings
		SolutionAssemblyInfo.cs = SolutionAssemblyInfo.cs
	EndProjectSection
EndProject
Project("{2150E333-8FDC-42A3-9474-1A3956D46DE8}") = "src", "src", "{AAE2B7A4-D901-4DA2-97FD-F7127657C1A1}"
EndProject
Project("{2150E333-8FDC-42A3-9474-1A3956D46DE8}") = "Core", "Core", "{FB81E6B4-F47C-477E-8382-D83F6F870E0A}"
EndProject
Project("{2150E333-8FDC-42A3-9474-1A3956D46DE8}") = "Examples", "Examples", "{47F8C23D-D72A-45A5-8A10-38D22BC9AD15}"
EndProject
Project("{2150E333-8FDC-42A3-9474-1A3956D46DE8}") = "Tests", "Tests", "{59924607-205A-4563-BD72-711312D8260A}"
EndProject
Project("{9A19103F-16F7-4668-BE54-9A1E7A4F7556}") = "Orc.LogViewer", "Orc.LogViewer\Orc.LogViewer.csproj", "{2039D28F-F6B5-46A5-B8C8-7B711EB28EF1}"
EndProject
Project("{9A19103F-16F7-4668-BE54-9A1E7A4F7556}") = "Orc.LogViewer.Example.NET", "Orc.LogViewer.Example.NET\Orc.LogViewer.Example.NET.csproj", "{04D0B1AE-3915-4F84-B063-0948273EB1D2}"
EndProject
Project("{9A19103F-16F7-4668-BE54-9A1E7A4F7556}") = "Orc.LogViewer.Tests", "Orc.LogViewer.Tests\Orc.LogViewer.Tests.csproj", "{8C233776-D133-456A-A51C-6A024F1879C1}"
EndProject
Global
	GlobalSection(SolutionConfigurationPlatforms) = preSolution
		Debug|Any CPU = Debug|Any CPU
		Release|Any CPU = Release|Any CPU
	EndGlobalSection
	GlobalSection(ProjectConfigurationPlatforms) = postSolution
		{2039D28F-F6B5-46A5-B8C8-7B711EB28EF1}.Debug|Any CPU.ActiveCfg = Debug|Any CPU
		{2039D28F-F6B5-46A5-B8C8-7B711EB28EF1}.Debug|Any CPU.Build.0 = Debug|Any CPU
		{2039D28F-F6B5-46A5-B8C8-7B711EB28EF1}.Release|Any CPU.ActiveCfg = Release|Any CPU
		{2039D28F-F6B5-46A5-B8C8-7B711EB28EF1}.Release|Any CPU.Build.0 = Release|Any CPU
		{04D0B1AE-3915-4F84-B063-0948273EB1D2}.Debug|Any CPU.ActiveCfg = Debug|Any CPU
		{04D0B1AE-3915-4F84-B063-0948273EB1D2}.Debug|Any CPU.Build.0 = Debug|Any CPU
		{04D0B1AE-3915-4F84-B063-0948273EB1D2}.Release|Any CPU.ActiveCfg = Release|Any CPU
		{04D0B1AE-3915-4F84-B063-0948273EB1D2}.Release|Any CPU.Build.0 = Release|Any CPU
		{8C233776-D133-456A-A51C-6A024F1879C1}.Debug|Any CPU.ActiveCfg = Debug|Any CPU
		{8C233776-D133-456A-A51C-6A024F1879C1}.Debug|Any CPU.Build.0 = Debug|Any CPU
		{8C233776-D133-456A-A51C-6A024F1879C1}.Release|Any CPU.ActiveCfg = Release|Any CPU
		{8C233776-D133-456A-A51C-6A024F1879C1}.Release|Any CPU.Build.0 = Release|Any CPU
	EndGlobalSection
	GlobalSection(SolutionProperties) = preSolution
		HideSolutionNode = FALSE
	EndGlobalSection
	GlobalSection(NestedProjects) = preSolution
		{FB81E6B4-F47C-477E-8382-D83F6F870E0A} = {AAE2B7A4-D901-4DA2-97FD-F7127657C1A1}
		{47F8C23D-D72A-45A5-8A10-38D22BC9AD15} = {AAE2B7A4-D901-4DA2-97FD-F7127657C1A1}
		{59924607-205A-4563-BD72-711312D8260A} = {AAE2B7A4-D901-4DA2-97FD-F7127657C1A1}
		{2039D28F-F6B5-46A5-B8C8-7B711EB28EF1} = {FB81E6B4-F47C-477E-8382-D83F6F870E0A}
		{04D0B1AE-3915-4F84-B063-0948273EB1D2} = {47F8C23D-D72A-45A5-8A10-38D22BC9AD15}
		{8C233776-D133-456A-A51C-6A024F1879C1} = {59924607-205A-4563-BD72-711312D8260A}
	EndGlobalSection
	GlobalSection(ExtensibilityGlobals) = postSolution
		SolutionGuid = {BE2BE32F-B82E-4FA2-B625-C9796EB8FA96}
	EndGlobalSection
EndGlobal
